{
  "name": "meditation-app",
  "version": "1.0.0",
  "lockfileVersion": 1,
  "requires": true,
  "dependencies": {
    "workbox-core": {
      "version": "6.1.1",
      "resolved": "https://registry.npmjs.org/workbox-core/-/workbox-core-6.1.1.tgz",
      "integrity": "sha512-xsc/72AQxFtt2BHmwU8QtnVV+W5ln4nnYGuz9Q5sPWYGqW4cH0P+FpZDoGM59bmNEyNf+W9bEmidW//e5GsbwQ=="
    },
    "workbox-routing": {
      "version": "6.1.1",
      "resolved": "https://registry.npmjs.org/workbox-routing/-/workbox-routing-6.1.1.tgz",
      "integrity": "sha512-Az3Gt3cHNK+W0gTfSb4eKGfwEap9Slak16Krr5SiLhE1gXUY2C2O123HucVCedXgIoqTLOXMtNj71Cm6SwYDEg==",
      "requires": {
        "workbox-core": "^6.1.1"
      }
    },
    "workbox-strategies": {
      "version": "6.1.1",
      "resolved": "https://registry.npmjs.org/workbox-strategies/-/workbox-strategies-6.1.1.tgz",
      "integrity": "sha512-7qYA9Eiq6hnP2dyenlD7ZtWI1ArBMT8yhTvHVlaOl9kYY7W+Iv3lAfRCjj/nucOKeVXATx4iVJEuFPn5J+8lzw==",
      "requires": {
        "workbox-core": "^6.1.1"
      }
    }
  }
}
